
Microsoft Visual Studio Solution File, Format Version 12.00
# Visual Studio Version 16
VisualStudioVersion = 16.0.30225.117
MinimumVisualStudioVersion = 10.0.40219.1
Project("{FAE04EC0-301F-11D3-BF4B-00C04F79EFBC}") = "Structures", "Structures\Structures.csproj", "{4490B5AF-9125-4293-A063-E099A0716DCC}"
EndProject
Project("{FAE04EC0-301F-11D3-BF4B-00C04F79EFBC}") = "DrawSFML", "DrawSFML\DrawSFML.csproj", "{630FAFD0-8BBB-423E-91BE-155612E1E055}"
EndProject
Global
	GlobalSection(SolutionConfigurationPlatforms) = preSolution
		Debug|Any CPU = Debug|Any CPU
		Release|Any CPU = Release|Any CPU
	EndGlobalSection
	GlobalSection(ProjectConfigurationPlatforms) = postSolution
		{4490B5AF-9125-4293-A063-E099A0716DCC}.Debug|Any CPU.ActiveCfg = Debug|Any CPU
		{4490B5AF-9125-4293-A063-E099A0716DCC}.Debug|Any CPU.Build.0 = Debug|Any CPU
		{4490B5AF-9125-4293-A063-E099A0716DCC}.Release|Any CPU.ActiveCfg = Release|Any CPU
		{4490B5AF-9125-4293-A063-E099A0716DCC}.Release|Any CPU.Build.0 = Release|Any CPU
		{630FAFD0-8BBB-423E-91BE-155612E1E055}.Debug|Any CPU.ActiveCfg = Debug|Any CPU
		{630FAFD0-8BBB-423E-91BE-155612E1E055}.Debug|Any CPU.Build.0 = Debug|Any CPU
		{630FAFD0-8BBB-423E-91BE-155612E1E055}.Release|Any CPU.ActiveCfg = Release|Any CPU
		{630FAFD0-8BBB-423E-91BE-155612E1E055}.Release|Any CPU.Build.0 = Release|Any CPU
	EndGlobalSection
	GlobalSection(SolutionProperties) = preSolution
		HideSolutionNode = FALSE
	EndGlobalSection
	GlobalSection(ExtensibilityGlobals) = postSolution
		SolutionGuid = {EA8A3602-9601-40D7-87F0-6DD94ABF942E}
	EndGlobalSection
EndGlobal
